
Microsoft Visual Studio Solution File, Format Version 12.00
# Visual Studio Version 17
VisualStudioVersion = 17.3.32922.545
MinimumVisualStudioVersion = 10.0.40219.1
Project("{FAE04EC0-301F-11D3-BF4B-00C04F79EFBC}") = "formesGeometrique", "formesGeometrique\formesGeometrique.csproj", "{0D18DBA1-D08F-4E63-88D1-5EBDED82A6D4}"
EndProject
Global
	GlobalSection(SolutionConfigurationPlatforms) = preSolution
		Debug|Any CPU = Debug|Any CPU
		Release|Any CPU = Release|Any CPU
	EndGlobalSection
	GlobalSection(ProjectConfigurationPlatforms) = postSolution
		{0D18DBA1-D08F-4E63-88D1-5EBDED82A6D4}.Debug|Any CPU.ActiveCfg = Debug|Any CPU
		{0D18DBA1-D08F-4E63-88D1-5EBDED82A6D4}.Debug|Any CPU.Build.0 = Debug|Any CPU
		{0D18DBA1-D08F-4E63-88D1-5EBDED82A6D4}.Release|Any CPU.ActiveCfg = Release|Any CPU
		{0D18DBA1-D08F-4E63-88D1-5EBDED82A6D4}.Release|Any CPU.Build.0 = Release|Any CPU
	EndGlobalSection
	GlobalSection(SolutionProperties) = preSolution
		HideSolutionNode = FALSE
	EndGlobalSection
	GlobalSection(ExtensibilityGlobals) = postSolution
		SolutionGuid = {ECB50B8E-1FA3-41D1-8979-D320D1922E98}
	EndGlobalSection
EndGlobal
